
Microsoft Visual Studio Solution File, Format Version 12.00
# Visual Studio Version 17
VisualStudioVersion = 17.1.32328.378
MinimumVisualStudioVersion = 10.0.40219.1
Project("{9A19103F-16F7-4668-BE54-9A1E7A4F7556}") = "CinematicUnityExplorer", "src\CinematicUnityExplorer.csproj", "{B21DBDE3-5D6F-4726-93AB-CC3CC68BAE7D}"
EndProject
Global
	GlobalSection(SolutionConfigurationPlatforms) = preSolution
		KM_Debug|Any CPU = KM_Debug|Any CPU
		KM_Release|Any CPU = KM_Release|Any CPU
		RT_Debug|Any CPU = RT_Debug|Any CPU
		RT_Release|Any CPU = RT_Release|Any CPU
		WOTR_Debug|Any CPU = WOTR_Debug|Any CPU
		WOTR_Release|Any CPU = WOTR_Release|Any CPU
	EndGlobalSection
	GlobalSection(ProjectConfigurationPlatforms) = postSolution
		{B21DBDE3-5D6F-4726-93AB-CC3CC68BAE7D}.KM_Debug|Any CPU.ActiveCfg = KM_Debug|Any CPU
		{B21DBDE3-5D6F-4726-93AB-CC3CC68BAE7D}.KM_Debug|Any CPU.Build.0 = KM_Debug|Any CPU
		{B21DBDE3-5D6F-4726-93AB-CC3CC68BAE7D}.KM_Release|Any CPU.ActiveCfg = KM_Release|Any CPU
		{B21DBDE3-5D6F-4726-93AB-CC3CC68BAE7D}.KM_Release|Any CPU.Build.0 = KM_Release|Any CPU
		{B21DBDE3-5D6F-4726-93AB-CC3CC68BAE7D}.RT_Debug|Any CPU.ActiveCfg = RT_Debug|Any CPU
		{B21DBDE3-5D6F-4726-93AB-CC3CC68BAE7D}.RT_Debug|Any CPU.Build.0 = RT_Debug|Any CPU
		{B21DBDE3-5D6F-4726-93AB-CC3CC68BAE7D}.RT_Release|Any CPU.ActiveCfg = RT_Release|Any CPU
		{B21DBDE3-5D6F-4726-93AB-CC3CC68BAE7D}.RT_Release|Any CPU.Build.0 = RT_Release|Any CPU
		{B21DBDE3-5D6F-4726-93AB-CC3CC68BAE7D}.WOTR_Debug|Any CPU.ActiveCfg = WOTR_Debug|Any CPU
		{B21DBDE3-5D6F-4726-93AB-CC3CC68BAE7D}.WOTR_Debug|Any CPU.Build.0 = WOTR_Debug|Any CPU
		{B21DBDE3-5D6F-4726-93AB-CC3CC68BAE7D}.WOTR_Release|Any CPU.ActiveCfg = WOTR_Release|Any CPU
		{B21DBDE3-5D6F-4726-93AB-CC3CC68BAE7D}.WOTR_Release|Any CPU.Build.0 = WOTR_Release|Any CPU
	EndGlobalSection
	GlobalSection(SolutionProperties) = preSolution
		HideSolutionNode = FALSE
	EndGlobalSection
	GlobalSection(ExtensibilityGlobals) = postSolution
		SolutionGuid = {DD5C0A5D-03F1-4CC3-8B4D-E10834908C5A}
	EndGlobalSection
EndGlobal
